{
  "version": 4,
  "terraform_version": "1.4.2",
  "serial": 150,
  "lineage": "30892e48-6dbe-3e59-7ce3-922944a15668",
  "outputs": {
    "ec2_ssh_command": {
      "value": "ssh -i AnthonyD.pem ubuntu@ec2-23-20-251-142.compute-1.amazonaws.com",
      "type": "string"
    }
  },
  "resources": [
    {
      "mode": "data",
      "type": "aws_availability_zones",
      "name": "availability_zone",
      "provider": "provider[\"registry.terraform.io/hashicorp/aws\"]",
      "instances": [
        {
          "schema_version": 0,
          "attributes": {
            "all_availability_zones": null,
            "exclude_names": null,
            "exclude_zone_ids": null,
            "filter": [
              {
                "name": "opt-in-status",
                "values": [
                  "opt-in-not-required"
                ]
              }
            ],
            "group_names": [
              "us-east-1"
            ],
            "id": "us-east-1",
            "names": [
              "us-east-1a",
              "us-east-1b",
              "us-east-1c",
              "us-east-1d",
              "us-east-1e",
              "us-east-1f"
            ],
            "state": "available",
            "timeouts": null,
            "zone_ids": [
              "use1-az6",
              "use1-az1",
              "use1-az2",
              "use1-az4",
              "use1-az3",
              "use1-az5"
            ]
          },
          "sensitive_attributes": []
        }
      ]
    },
    {
      "mode": "data",
      "type": "aws_iam_policy_document",
      "name": "backend",
      "provider": "provider[\"registry.terraform.io/hashicorp/aws\"]",
      "instances": [
        {
          "schema_version": 0,
          "attributes": {
            "id": "2181536369",
            "json": "{\n  \"Version\": \"2012-10-17\",\n  \"Statement\": [\n    {\n      \"Sid\": \"Public View\",\n      \"Effect\": \"Allow\",\n      \"Action\": \"s3:*\",\n      \"Resource\": [\n        \"arn:aws:s3:::adonk-s3/*\",\n        \"arn:aws:s3:::adonk-s3\"\n      ],\n      \"Principal\": {\n        \"AWS\": \"*\"\n      }\n    }\n  ]\n}",
            "override_json": null,
            "override_policy_documents": null,
            "policy_id": null,
            "source_json": null,
            "source_policy_documents": null,
            "statement": [
              {
                "actions": [
                  "s3:*"
                ],
                "condition": [],
                "effect": "Allow",
                "not_actions": [],
                "not_principals": [],
                "not_resources": [],
                "principals": [
                  {
                    "identifiers": [
                      "*"
                    ],
                    "type": "AWS"
                  }
                ],
                "resources": [
                  "arn:aws:s3:::adonk-s3",
                  "arn:aws:s3:::adonk-s3/*"
                ],
                "sid": "Public View"
              }
            ],
            "version": "2012-10-17"
          },
          "sensitive_attributes": []
        }
      ]
    },
    {
      "mode": "data",
      "type": "aws_ssm_parameter",
      "name": "instance_ami",
      "provider": "provider[\"registry.terraform.io/hashicorp/aws\"]",
      "instances": [
        {
          "schema_version": 0,
          "attributes": {
            "arn": "arn:aws:ssm:us-east-1::parameter/aws/service/canonical/ubuntu/eks/20.04/1.21/stable/20230219/amd64/hvm/ebs-gp2/ami-id",
            "id": "/aws/service/canonical/ubuntu/eks/20.04/1.21/stable/20230219/amd64/hvm/ebs-gp2/ami-id",
            "name": "/aws/service/canonical/ubuntu/eks/20.04/1.21/stable/20230219/amd64/hvm/ebs-gp2/ami-id",
            "type": "String",
            "value": "ami-09cf04b436c94d7f7",
            "version": 1,
            "with_decryption": true
          },
          "sensitive_attributes": []
        }
      ]
    },
    {
      "mode": "managed",
      "type": "aws_eip",
      "name": "NAT_EIP",
      "provider": "provider[\"registry.terraform.io/hashicorp/aws\"]",
      "instances": [
        {
          "schema_version": 0,
          "attributes": {
            "address": null,
            "allocation_id": "eipalloc-00755c2e050e49d63",
            "associate_with_private_ip": null,
            "association_id": "eipassoc-0debdd6d32e8f0371",
            "carrier_ip": "",
            "customer_owned_ip": "",
            "customer_owned_ipv4_pool": "",
            "domain": "vpc",
            "id": "eipalloc-00755c2e050e49d63",
            "instance": "",
            "network_border_group": "us-east-1",
            "network_interface": "eni-00e41db771393fadc",
            "private_dns": "ip-10-0-0-102.ec2.internal",
            "private_ip": "10.0.0.102",
            "public_dns": "ec2-54-226-211-149.compute-1.amazonaws.com",
            "public_ip": "54.226.211.149",
            "public_ipv4_pool": "amazon",
            "tags": {},
            "tags_all": {},
            "timeouts": null,
            "vpc": true
          },
          "sensitive_attributes": [],
          "private": "eyJlMmJmYjczMC1lY2FhLTExZTYtOGY4OC0zNDM2M2JjN2M0YzAiOnsiZGVsZXRlIjoxODAwMDAwMDAwMDAsInJlYWQiOjkwMDAwMDAwMDAwMCwidXBkYXRlIjozMDAwMDAwMDAwMDB9fQ=="
        }
      ]
    },
    {
      "mode": "managed",
      "type": "aws_instance",
      "name": "main",
      "provider": "provider[\"registry.terraform.io/hashicorp/aws\"]",
      "instances": [
        {
          "schema_version": 1,
          "attributes": {
            "ami": "ami-09cf04b436c94d7f7",
            "arn": "arn:aws:ec2:us-east-1:782863115905:instance/i-05b416b5765e4b148",
            "associate_public_ip_address": true,
            "availability_zone": "us-east-1a",
            "capacity_reservation_specification": [
              {
                "capacity_reservation_preference": "open",
                "capacity_reservation_target": []
              }
            ],
            "cpu_core_count": 1,
            "cpu_threads_per_core": 2,
            "credit_specification": [
              {
                "cpu_credits": "unlimited"
              }
            ],
            "disable_api_stop": false,
            "disable_api_termination": false,
            "ebs_block_device": [],
            "ebs_optimized": false,
            "enclave_options": [
              {
                "enabled": false
              }
            ],
            "ephemeral_block_device": [],
            "get_password_data": false,
            "hibernation": false,
            "host_id": "",
            "host_resource_group_arn": null,
            "iam_instance_profile": "",
            "id": "i-05b416b5765e4b148",
            "instance_initiated_shutdown_behavior": "stop",
            "instance_state": "running",
            "instance_type": "t3.micro",
            "ipv6_address_count": 0,
            "ipv6_addresses": [],
            "key_name": "AnthonyD",
            "launch_template": [],
            "maintenance_options": [
              {
                "auto_recovery": "default"
              }
            ],
            "metadata_options": [
              {
                "http_endpoint": "enabled",
                "http_put_response_hop_limit": 1,
                "http_tokens": "optional",
                "instance_metadata_tags": "disabled"
              }
            ],
            "monitoring": false,
            "network_interface": [],
            "outpost_arn": "",
            "password_data": "",
            "placement_group": "",
            "placement_partition_number": 0,
            "primary_network_interface_id": "eni-0798d6ffb72178e0a",
            "private_dns": "ip-10-0-0-246.ec2.internal",
            "private_dns_name_options": [
              {
                "enable_resource_name_dns_a_record": false,
                "enable_resource_name_dns_aaaa_record": false,
                "hostname_type": "ip-name"
              }
            ],
            "private_ip": "10.0.0.246",
            "public_dns": "ec2-23-20-251-142.compute-1.amazonaws.com",
            "public_ip": "23.20.251.142",
            "root_block_device": [
              {
                "delete_on_termination": true,
                "device_name": "/dev/sda1",
                "encrypted": false,
                "iops": 100,
                "kms_key_id": "",
                "tags": {},
                "throughput": 0,
                "volume_id": "vol-071ddb1dbd0910089",
                "volume_size": 20,
                "volume_type": "gp2"
              }
            ],
            "secondary_private_ips": [],
            "security_groups": [],
            "source_dest_check": true,
            "subnet_id": "subnet-05a07029cec51c532",
            "tags": {
              "Name": "adonk-EC2"
            },
            "tags_all": {
              "Name": "adonk-EC2"
            },
            "tenancy": "default",
            "timeouts": null,
            "user_data": "056b36ca472262ec1177f98860f1aa6c8ae7131f",
            "user_data_base64": null,
            "user_data_replace_on_change": false,
            "volume_tags": null,
            "vpc_security_group_ids": [
              "sg-09074cc08d9e980e0"
            ]
          },
          "sensitive_attributes": [
            [
              {
                "type": "get_attr",
                "value": "ami"
              }
            ]
          ],
          "private": "eyJlMmJmYjczMC1lY2FhLTExZTYtOGY4OC0zNDM2M2JjN2M0YzAiOnsiY3JlYXRlIjo2MDAwMDAwMDAwMDAsImRlbGV0ZSI6MTIwMDAwMDAwMDAwMCwidXBkYXRlIjo2MDAwMDAwMDAwMDB9LCJzY2hlbWFfdmVyc2lvbiI6IjEifQ==",
          "dependencies": [
            "aws_subnet.Public",
            "aws_vpc.main",
            "data.aws_availability_zones.availability_zone",
            "data.aws_ssm_parameter.instance_ami"
          ]
        }
      ]
    },
    {
      "mode": "managed",
      "type": "aws_internet_gateway",
      "name": "main_igw",
      "provider": "provider[\"registry.terraform.io/hashicorp/aws\"]",
      "instances": [
        {
          "schema_version": 0,
          "attributes": {
            "arn": "arn:aws:ec2:us-east-1:782863115905:internet-gateway/igw-036123724be9948c7",
            "id": "igw-036123724be9948c7",
            "owner_id": "782863115905",
            "tags": {
              "Name": "adonk-IGW"
            },
            "tags_all": {
              "Name": "adonk-IGW"
            },
            "timeouts": null,
            "vpc_id": "vpc-0bc75a5b1a643f741"
          },
          "sensitive_attributes": [],
          "private": "eyJlMmJmYjczMC1lY2FhLTExZTYtOGY4OC0zNDM2M2JjN2M0YzAiOnsiY3JlYXRlIjoxMjAwMDAwMDAwMDAwLCJkZWxldGUiOjEyMDAwMDAwMDAwMDAsInVwZGF0ZSI6MTIwMDAwMDAwMDAwMH19",
          "dependencies": [
            "aws_vpc.main"
          ]
        }
      ]
    },
    {
      "mode": "managed",
      "type": "aws_nat_gateway",
      "name": "main_NAT",
      "provider": "provider[\"registry.terraform.io/hashicorp/aws\"]",
      "instances": [
        {
          "schema_version": 0,
          "attributes": {
            "allocation_id": "eipalloc-00755c2e050e49d63",
            "connectivity_type": "public",
            "id": "nat-08dc54344cc954f93",
            "network_interface_id": "eni-00e41db771393fadc",
            "private_ip": "10.0.0.102",
            "public_ip": "54.226.211.149",
            "subnet_id": "subnet-05a07029cec51c532",
            "tags": {
              "Name": "adonk-NGW"
            },
            "tags_all": {
              "Name": "adonk-NGW"
            }
          },
          "sensitive_attributes": [],
          "private": "bnVsbA==",
          "dependencies": [
            "aws_eip.NAT_EIP",
            "aws_subnet.Public",
            "aws_vpc.main",
            "data.aws_availability_zones.availability_zone"
          ]
        }
      ]
    },
    {
      "mode": "managed",
      "type": "aws_rds_cluster",
      "name": "main",
      "provider": "provider[\"registry.terraform.io/hashicorp/aws\"]",
      "instances": [
        {
          "status": "tainted",
          "schema_version": 0,
          "attributes": {
            "allocated_storage": 1,
            "allow_major_version_upgrade": null,
            "apply_immediately": null,
            "arn": "arn:aws:rds:us-east-1:782863115905:cluster:aurora-cluster-demo",
            "availability_zones": [
              "us-east-1a",
              "us-east-1b",
              "us-east-1c"
            ],
            "backtrack_window": 0,
            "backup_retention_period": 5,
            "cluster_identifier": "aurora-cluster-demo",
            "cluster_identifier_prefix": null,
            "cluster_members": [],
            "cluster_resource_id": "cluster-ZYW3EUVGSJC5CJW5HM6S3ZAXYM",
            "copy_tags_to_snapshot": false,
            "database_name": "adonkel",
            "db_cluster_instance_class": "",
            "db_cluster_parameter_group_name": "default.aurora-mysql5.7",
            "db_instance_parameter_group_name": null,
            "db_subnet_group_name": "default",
            "deletion_protection": false,
            "enable_global_write_forwarding": false,
            "enable_http_endpoint": false,
            "enabled_cloudwatch_logs_exports": [],
            "endpoint": "aurora-cluster-demo.cluster-ckkhag7mpnl6.us-east-1.rds.amazonaws.com",
            "engine": "aurora-mysql",
            "engine_mode": "provisioned",
            "engine_version": "5.7.mysql_aurora.2.11.1",
            "engine_version_actual": "5.7.mysql_aurora.2.11.1",
            "final_snapshot_identifier": null,
            "global_cluster_identifier": "",
            "hosted_zone_id": "Z2R2ITUGPM61AM",
            "iam_database_authentication_enabled": false,
            "iam_roles": [],
            "id": "aurora-cluster-demo",
            "iops": 0,
            "kms_key_id": "",
            "master_password": "1qaz2wsx",
            "master_username": "admin",
            "network_type": "IPV4",
            "port": 3306,
            "preferred_backup_window": "07:00-09:00",
            "preferred_maintenance_window": "sun:04:00-sun:04:30",
            "reader_endpoint": "aurora-cluster-demo.cluster-ro-ckkhag7mpnl6.us-east-1.rds.amazonaws.com",
            "replication_source_identifier": "",
            "restore_to_point_in_time": [],
            "s3_import": [],
            "scaling_configuration": [],
            "serverlessv2_scaling_configuration": [],
            "skip_final_snapshot": false,
            "snapshot_identifier": null,
            "source_region": null,
            "storage_encrypted": false,
            "storage_type": "",
            "tags": {},
            "tags_all": {},
            "timeouts": null,
            "vpc_security_group_ids": [
              "sg-032e62de81896fbb3"
            ]
          },
          "sensitive_attributes": [],
          "private": "eyJlMmJmYjczMC1lY2FhLTExZTYtOGY4OC0zNDM2M2JjN2M0YzAiOnsiY3JlYXRlIjo3MjAwMDAwMDAwMDAwLCJkZWxldGUiOjcyMDAwMDAwMDAwMDAsInVwZGF0ZSI6NzIwMDAwMDAwMDAwMH19"
        }
      ]
    },
    {
      "mode": "managed",
      "type": "aws_route",
      "name": "Public",
      "provider": "provider[\"registry.terraform.io/hashicorp/aws\"]",
      "instances": [
        {
          "schema_version": 0,
          "attributes": {
            "carrier_gateway_id": "",
            "core_network_arn": "",
            "destination_cidr_block": "0.0.0.0/0",
            "destination_ipv6_cidr_block": "",
            "destination_prefix_list_id": "",
            "egress_only_gateway_id": "",
            "gateway_id": "igw-036123724be9948c7",
            "id": "r-rtb-04bb4829ef9d5bbf31080289494",
            "instance_id": "",
            "instance_owner_id": "",
            "local_gateway_id": "",
            "nat_gateway_id": "",
            "network_interface_id": "",
            "origin": "CreateRoute",
            "route_table_id": "rtb-04bb4829ef9d5bbf3",
            "state": "active",
            "timeouts": null,
            "transit_gateway_id": "",
            "vpc_endpoint_id": "",
            "vpc_peering_connection_id": ""
          },
          "sensitive_attributes": [],
          "private": "eyJlMmJmYjczMC1lY2FhLTExZTYtOGY4OC0zNDM2M2JjN2M0YzAiOnsiY3JlYXRlIjozMDAwMDAwMDAwMDAsImRlbGV0ZSI6MzAwMDAwMDAwMDAwLCJ1cGRhdGUiOjEyMDAwMDAwMDAwMH19",
          "dependencies": [
            "aws_internet_gateway.main_igw",
            "aws_route_table.Public",
            "aws_vpc.main"
          ]
        }
      ]
    },
    {
      "mode": "managed",
      "type": "aws_route",
      "name": "private",
      "provider": "provider[\"registry.terraform.io/hashicorp/aws\"]",
      "instances": [
        {
          "schema_version": 0,
          "attributes": {
            "carrier_gateway_id": "",
            "core_network_arn": "",
            "destination_cidr_block": "0.0.0.0/0",
            "destination_ipv6_cidr_block": "",
            "destination_prefix_list_id": "",
            "egress_only_gateway_id": "",
            "gateway_id": "",
            "id": "r-rtb-0f0fd3b7a22da51611080289494",
            "instance_id": "",
            "instance_owner_id": "",
            "local_gateway_id": "",
            "nat_gateway_id": "nat-08dc54344cc954f93",
            "network_interface_id": "",
            "origin": "CreateRoute",
            "route_table_id": "rtb-0f0fd3b7a22da5161",
            "state": "active",
            "timeouts": null,
            "transit_gateway_id": "",
            "vpc_endpoint_id": "",
            "vpc_peering_connection_id": ""
          },
          "sensitive_attributes": [],
          "private": "eyJlMmJmYjczMC1lY2FhLTExZTYtOGY4OC0zNDM2M2JjN2M0YzAiOnsiY3JlYXRlIjozMDAwMDAwMDAwMDAsImRlbGV0ZSI6MzAwMDAwMDAwMDAwLCJ1cGRhdGUiOjEyMDAwMDAwMDAwMH19",
          "dependencies": [
            "aws_eip.NAT_EIP",
            "aws_nat_gateway.main_NAT",
            "aws_route_table.Private",
            "aws_subnet.Public",
            "aws_vpc.main",
            "data.aws_availability_zones.availability_zone"
          ]
        }
      ]
    },
    {
      "mode": "managed",
      "type": "aws_route_table",
      "name": "Private",
      "provider": "provider[\"registry.terraform.io/hashicorp/aws\"]",
      "instances": [
        {
          "schema_version": 0,
          "attributes": {
            "arn": "arn:aws:ec2:us-east-1:782863115905:route-table/rtb-0f0fd3b7a22da5161",
            "id": "rtb-0f0fd3b7a22da5161",
            "owner_id": "782863115905",
            "propagating_vgws": [],
            "route": [
              {
                "carrier_gateway_id": "",
                "cidr_block": "0.0.0.0/0",
                "core_network_arn": "",
                "destination_prefix_list_id": "",
                "egress_only_gateway_id": "",
                "gateway_id": "",
                "instance_id": "",
                "ipv6_cidr_block": "",
                "local_gateway_id": "",
                "nat_gateway_id": "nat-08dc54344cc954f93",
                "network_interface_id": "",
                "transit_gateway_id": "",
                "vpc_endpoint_id": "",
                "vpc_peering_connection_id": ""
              }
            ],
            "tags": {
              "Name": "adonk-Private-RT"
            },
            "tags_all": {
              "Name": "adonk-Private-RT"
            },
            "timeouts": null,
            "vpc_id": "vpc-0bc75a5b1a643f741"
          },
          "sensitive_attributes": [],
          "private": "eyJlMmJmYjczMC1lY2FhLTExZTYtOGY4OC0zNDM2M2JjN2M0YzAiOnsiY3JlYXRlIjozMDAwMDAwMDAwMDAsImRlbGV0ZSI6MzAwMDAwMDAwMDAwLCJ1cGRhdGUiOjEyMDAwMDAwMDAwMH19",
          "dependencies": [
            "aws_vpc.main"
          ]
        }
      ]
    },
    {
      "mode": "managed",
      "type": "aws_route_table",
      "name": "Public",
      "provider": "provider[\"registry.terraform.io/hashicorp/aws\"]",
      "instances": [
        {
          "schema_version": 0,
          "attributes": {
            "arn": "arn:aws:ec2:us-east-1:782863115905:route-table/rtb-04bb4829ef9d5bbf3",
            "id": "rtb-04bb4829ef9d5bbf3",
            "owner_id": "782863115905",
            "propagating_vgws": [],
            "route": [
              {
                "carrier_gateway_id": "",
                "cidr_block": "0.0.0.0/0",
                "core_network_arn": "",
                "destination_prefix_list_id": "",
                "egress_only_gateway_id": "",
                "gateway_id": "igw-036123724be9948c7",
                "instance_id": "",
                "ipv6_cidr_block": "",
                "local_gateway_id": "",
                "nat_gateway_id": "",
                "network_interface_id": "",
                "transit_gateway_id": "",
                "vpc_endpoint_id": "",
                "vpc_peering_connection_id": ""
              }
            ],
            "tags": {
              "Name": "adonk-Public-RT"
            },
            "tags_all": {
              "Name": "adonk-Public-RT"
            },
            "timeouts": null,
            "vpc_id": "vpc-0bc75a5b1a643f741"
          },
          "sensitive_attributes": [],
          "private": "eyJlMmJmYjczMC1lY2FhLTExZTYtOGY4OC0zNDM2M2JjN2M0YzAiOnsiY3JlYXRlIjozMDAwMDAwMDAwMDAsImRlbGV0ZSI6MzAwMDAwMDAwMDAwLCJ1cGRhdGUiOjEyMDAwMDAwMDAwMH19",
          "dependencies": [
            "aws_vpc.main"
          ]
        }
      ]
    },
    {
      "mode": "managed",
      "type": "aws_route_table_association",
      "name": "Private",
      "provider": "provider[\"registry.terraform.io/hashicorp/aws\"]",
      "instances": [
        {
          "index_key": 0,
          "schema_version": 0,
          "attributes": {
            "gateway_id": "",
            "id": "rtbassoc-098e8cbd2329aae7c",
            "route_table_id": "rtb-0f0fd3b7a22da5161",
            "subnet_id": "subnet-062b01b2c2ae26050"
          },
          "sensitive_attributes": [],
          "private": "bnVsbA==",
          "dependencies": [
            "aws_route_table.Private",
            "aws_subnet.Private",
            "aws_vpc.main",
            "data.aws_availability_zones.availability_zone"
          ]
        },
        {
          "index_key": 1,
          "schema_version": 0,
          "attributes": {
            "gateway_id": "",
            "id": "rtbassoc-0b3bb66cc6f2f5045",
            "route_table_id": "rtb-0f0fd3b7a22da5161",
            "subnet_id": "subnet-0124a71f546324d7b"
          },
          "sensitive_attributes": [],
          "private": "bnVsbA==",
          "dependencies": [
            "aws_route_table.Private",
            "aws_subnet.Private",
            "aws_vpc.main",
            "data.aws_availability_zones.availability_zone"
          ]
        }
      ]
    },
    {
      "mode": "managed",
      "type": "aws_route_table_association",
      "name": "Public",
      "provider": "provider[\"registry.terraform.io/hashicorp/aws\"]",
      "instances": [
        {
          "index_key": 0,
          "schema_version": 0,
          "attributes": {
            "gateway_id": "",
            "id": "rtbassoc-0ab639317281fc519",
            "route_table_id": "rtb-04bb4829ef9d5bbf3",
            "subnet_id": "subnet-05a07029cec51c532"
          },
          "sensitive_attributes": [],
          "private": "bnVsbA==",
          "dependencies": [
            "aws_route_table.Public",
            "aws_subnet.Public",
            "aws_vpc.main",
            "data.aws_availability_zones.availability_zone"
          ]
        },
        {
          "index_key": 1,
          "schema_version": 0,
          "attributes": {
            "gateway_id": "",
            "id": "rtbassoc-0c5857163a67a0442",
            "route_table_id": "rtb-04bb4829ef9d5bbf3",
            "subnet_id": "subnet-0a7ebd0c6d7033942"
          },
          "sensitive_attributes": [],
          "private": "bnVsbA==",
          "dependencies": [
            "aws_route_table.Public",
            "aws_subnet.Public",
            "aws_vpc.main",
            "data.aws_availability_zones.availability_zone"
          ]
        }
      ]
    },
    {
      "mode": "managed",
      "type": "aws_s3_bucket",
      "name": "backend",
      "provider": "provider[\"registry.terraform.io/hashicorp/aws\"]",
      "instances": [
        {
          "schema_version": 0,
          "attributes": {
            "acceleration_status": "",
            "acl": null,
            "arn": "arn:aws:s3:::adonk-s3",
            "bucket": "adonk-s3",
            "bucket_domain_name": "adonk-s3.s3.amazonaws.com",
            "bucket_prefix": null,
            "bucket_regional_domain_name": "adonk-s3.s3.amazonaws.com",
            "cors_rule": [],
            "force_destroy": false,
            "grant": [
              {
                "id": "7b6233ab93f65d8d6a148a3419992e841e92a02c2b82fa48cd1b34839d469875",
                "permissions": [
                  "FULL_CONTROL"
                ],
                "type": "CanonicalUser",
                "uri": ""
              }
            ],
            "hosted_zone_id": "Z3AQBSTGFYJSTF",
            "id": "adonk-s3",
            "lifecycle_rule": [],
            "logging": [],
            "object_lock_configuration": [],
            "object_lock_enabled": false,
            "policy": "{\"Statement\":[{\"Action\":\"s3:*\",\"Effect\":\"Allow\",\"Principal\":{\"AWS\":\"*\"},\"Resource\":[\"arn:aws:s3:::adonk-s3/*\",\"arn:aws:s3:::adonk-s3\"],\"Sid\":\"Public View\"}],\"Version\":\"2012-10-17\"}",
            "region": "us-east-1",
            "replication_configuration": [],
            "request_payer": "BucketOwner",
            "server_side_encryption_configuration": [
              {
                "rule": [
                  {
                    "apply_server_side_encryption_by_default": [
                      {
                        "kms_master_key_id": "",
                        "sse_algorithm": "AES256"
                      }
                    ],
                    "bucket_key_enabled": false
                  }
                ]
              }
            ],
            "tags": {},
            "tags_all": {},
            "timeouts": null,
            "versioning": [
              {
                "enabled": true,
                "mfa_delete": false
              }
            ],
            "website": [],
            "website_domain": null,
            "website_endpoint": null
          },
          "sensitive_attributes": [],
          "private": "eyJlMmJmYjczMC1lY2FhLTExZTYtOGY4OC0zNDM2M2JjN2M0YzAiOnsiY3JlYXRlIjoxMjAwMDAwMDAwMDAwLCJkZWxldGUiOjM2MDAwMDAwMDAwMDAsInJlYWQiOjEyMDAwMDAwMDAwMDAsInVwZGF0ZSI6MTIwMDAwMDAwMDAwMH19"
        }
      ]
    },
    {
      "mode": "managed",
      "type": "aws_s3_bucket_policy",
      "name": "backend",
      "provider": "provider[\"registry.terraform.io/hashicorp/aws\"]",
      "instances": [
        {
          "schema_version": 0,
          "attributes": {
            "bucket": "adonk-s3",
            "id": "adonk-s3",
            "policy": "{\"Statement\":[{\"Action\":\"s3:*\",\"Effect\":\"Allow\",\"Principal\":{\"AWS\":\"*\"},\"Resource\":[\"arn:aws:s3:::adonk-s3/*\",\"arn:aws:s3:::adonk-s3\"],\"Sid\":\"Public View\"}],\"Version\":\"2012-10-17\"}"
          },
          "sensitive_attributes": [],
          "private": "bnVsbA==",
          "dependencies": [
            "aws_s3_bucket.backend",
            "data.aws_iam_policy_document.backend"
          ]
        }
      ]
    },
    {
      "mode": "managed",
      "type": "aws_s3_bucket_versioning",
      "name": "backend",
      "provider": "provider[\"registry.terraform.io/hashicorp/aws\"]",
      "instances": [
        {
          "schema_version": 0,
          "attributes": {
            "bucket": "adonk-s3",
            "expected_bucket_owner": "",
            "id": "adonk-s3",
            "mfa": null,
            "versioning_configuration": [
              {
                "mfa_delete": "",
                "status": "Enabled"
              }
            ]
          },
          "sensitive_attributes": [],
          "private": "bnVsbA==",
          "dependencies": [
            "aws_s3_bucket.backend"
          ]
        }
      ]
    },
    {
      "mode": "managed",
      "type": "aws_subnet",
      "name": "Private",
      "provider": "provider[\"registry.terraform.io/hashicorp/aws\"]",
      "instances": [
        {
          "index_key": 0,
          "schema_version": 1,
          "attributes": {
            "arn": "arn:aws:ec2:us-east-1:782863115905:subnet/subnet-062b01b2c2ae26050",
            "assign_ipv6_address_on_creation": false,
            "availability_zone": "us-east-1a",
            "availability_zone_id": "use1-az6",
            "cidr_block": "10.0.2.0/24",
            "customer_owned_ipv4_pool": "",
            "enable_dns64": false,
            "enable_resource_name_dns_a_record_on_launch": false,
            "enable_resource_name_dns_aaaa_record_on_launch": false,
            "id": "subnet-062b01b2c2ae26050",
            "ipv6_cidr_block": "",
            "ipv6_cidr_block_association_id": "",
            "ipv6_native": false,
            "map_customer_owned_ip_on_launch": false,
            "map_public_ip_on_launch": false,
            "outpost_arn": "",
            "owner_id": "782863115905",
            "private_dns_hostname_type_on_launch": "ip-name",
            "tags": {
              "Name": "adonk-Private-Subnetus-east-1a"
            },
            "tags_all": {
              "Name": "adonk-Private-Subnetus-east-1a"
            },
            "timeouts": null,
            "vpc_id": "vpc-0bc75a5b1a643f741"
          },
          "sensitive_attributes": [],
          "private": "eyJlMmJmYjczMC1lY2FhLTExZTYtOGY4OC0zNDM2M2JjN2M0YzAiOnsiY3JlYXRlIjo2MDAwMDAwMDAwMDAsImRlbGV0ZSI6MTIwMDAwMDAwMDAwMH0sInNjaGVtYV92ZXJzaW9uIjoiMSJ9",
          "dependencies": [
            "aws_vpc.main",
            "data.aws_availability_zones.availability_zone"
          ]
        },
        {
          "index_key": 1,
          "schema_version": 1,
          "attributes": {
            "arn": "arn:aws:ec2:us-east-1:782863115905:subnet/subnet-0124a71f546324d7b",
            "assign_ipv6_address_on_creation": false,
            "availability_zone": "us-east-1b",
            "availability_zone_id": "use1-az1",
            "cidr_block": "10.0.3.0/24",
            "customer_owned_ipv4_pool": "",
            "enable_dns64": false,
            "enable_resource_name_dns_a_record_on_launch": false,
            "enable_resource_name_dns_aaaa_record_on_launch": false,
            "id": "subnet-0124a71f546324d7b",
            "ipv6_cidr_block": "",
            "ipv6_cidr_block_association_id": "",
            "ipv6_native": false,
            "map_customer_owned_ip_on_launch": false,
            "map_public_ip_on_launch": false,
            "outpost_arn": "",
            "owner_id": "782863115905",
            "private_dns_hostname_type_on_launch": "ip-name",
            "tags": {
              "Name": "adonk-Private-Subnetus-east-1b"
            },
            "tags_all": {
              "Name": "adonk-Private-Subnetus-east-1b"
            },
            "timeouts": null,
            "vpc_id": "vpc-0bc75a5b1a643f741"
          },
          "sensitive_attributes": [],
          "private": "eyJlMmJmYjczMC1lY2FhLTExZTYtOGY4OC0zNDM2M2JjN2M0YzAiOnsiY3JlYXRlIjo2MDAwMDAwMDAwMDAsImRlbGV0ZSI6MTIwMDAwMDAwMDAwMH0sInNjaGVtYV92ZXJzaW9uIjoiMSJ9",
          "dependencies": [
            "aws_vpc.main",
            "data.aws_availability_zones.availability_zone"
          ]
        }
      ]
    },
    {
      "mode": "managed",
      "type": "aws_subnet",
      "name": "Public",
      "provider": "provider[\"registry.terraform.io/hashicorp/aws\"]",
      "instances": [
        {
          "index_key": 0,
          "schema_version": 1,
          "attributes": {
            "arn": "arn:aws:ec2:us-east-1:782863115905:subnet/subnet-05a07029cec51c532",
            "assign_ipv6_address_on_creation": false,
            "availability_zone": "us-east-1a",
            "availability_zone_id": "use1-az6",
            "cidr_block": "10.0.0.0/24",
            "customer_owned_ipv4_pool": "",
            "enable_dns64": false,
            "enable_resource_name_dns_a_record_on_launch": false,
            "enable_resource_name_dns_aaaa_record_on_launch": false,
            "id": "subnet-05a07029cec51c532",
            "ipv6_cidr_block": "",
            "ipv6_cidr_block_association_id": "",
            "ipv6_native": false,
            "map_customer_owned_ip_on_launch": false,
            "map_public_ip_on_launch": true,
            "outpost_arn": "",
            "owner_id": "782863115905",
            "private_dns_hostname_type_on_launch": "ip-name",
            "tags": {
              "Name": "adonk-Public-Subnet-us-east-1a"
            },
            "tags_all": {
              "Name": "adonk-Public-Subnet-us-east-1a"
            },
            "timeouts": null,
            "vpc_id": "vpc-0bc75a5b1a643f741"
          },
          "sensitive_attributes": [],
          "private": "eyJlMmJmYjczMC1lY2FhLTExZTYtOGY4OC0zNDM2M2JjN2M0YzAiOnsiY3JlYXRlIjo2MDAwMDAwMDAwMDAsImRlbGV0ZSI6MTIwMDAwMDAwMDAwMH0sInNjaGVtYV92ZXJzaW9uIjoiMSJ9",
          "dependencies": [
            "aws_vpc.main",
            "data.aws_availability_zones.availability_zone"
          ]
        },
        {
          "index_key": 1,
          "schema_version": 1,
          "attributes": {
            "arn": "arn:aws:ec2:us-east-1:782863115905:subnet/subnet-0a7ebd0c6d7033942",
            "assign_ipv6_address_on_creation": false,
            "availability_zone": "us-east-1b",
            "availability_zone_id": "use1-az1",
            "cidr_block": "10.0.1.0/24",
            "customer_owned_ipv4_pool": "",
            "enable_dns64": false,
            "enable_resource_name_dns_a_record_on_launch": false,
            "enable_resource_name_dns_aaaa_record_on_launch": false,
            "id": "subnet-0a7ebd0c6d7033942",
            "ipv6_cidr_block": "",
            "ipv6_cidr_block_association_id": "",
            "ipv6_native": false,
            "map_customer_owned_ip_on_launch": false,
            "map_public_ip_on_launch": true,
            "outpost_arn": "",
            "owner_id": "782863115905",
            "private_dns_hostname_type_on_launch": "ip-name",
            "tags": {
              "Name": "adonk-Public-Subnet-us-east-1b"
            },
            "tags_all": {
              "Name": "adonk-Public-Subnet-us-east-1b"
            },
            "timeouts": null,
            "vpc_id": "vpc-0bc75a5b1a643f741"
          },
          "sensitive_attributes": [],
          "private": "eyJlMmJmYjczMC1lY2FhLTExZTYtOGY4OC0zNDM2M2JjN2M0YzAiOnsiY3JlYXRlIjo2MDAwMDAwMDAwMDAsImRlbGV0ZSI6MTIwMDAwMDAwMDAwMH0sInNjaGVtYV92ZXJzaW9uIjoiMSJ9",
          "dependencies": [
            "aws_vpc.main",
            "data.aws_availability_zones.availability_zone"
          ]
        }
      ]
    },
    {
      "mode": "managed",
      "type": "aws_vpc",
      "name": "main",
      "provider": "provider[\"registry.terraform.io/hashicorp/aws\"]",
      "instances": [
        {
          "schema_version": 1,
          "attributes": {
            "arn": "arn:aws:ec2:us-east-1:782863115905:vpc/vpc-0bc75a5b1a643f741",
            "assign_generated_ipv6_cidr_block": true,
            "cidr_block": "10.0.0.0/16",
            "default_network_acl_id": "acl-034baa8905fbfb48a",
            "default_route_table_id": "rtb-07b70816fe5fbf7ad",
            "default_security_group_id": "sg-09074cc08d9e980e0",
            "dhcp_options_id": "dopt-04b46d2964e3827c1",
            "enable_classiclink": false,
            "enable_classiclink_dns_support": false,
            "enable_dns_hostnames": true,
            "enable_dns_support": true,
            "enable_network_address_usage_metrics": false,
            "id": "vpc-0bc75a5b1a643f741",
            "instance_tenancy": "default",
            "ipv4_ipam_pool_id": null,
            "ipv4_netmask_length": null,
            "ipv6_association_id": "vpc-cidr-assoc-0468d4093737914dd",
            "ipv6_cidr_block": "2600:1f10:4ef2:a000::/56",
            "ipv6_cidr_block_network_border_group": "us-east-1",
            "ipv6_ipam_pool_id": "",
            "ipv6_netmask_length": 0,
            "main_route_table_id": "rtb-07b70816fe5fbf7ad",
            "owner_id": "782863115905",
            "tags": {
              "Name": "adonk-VPC"
            },
            "tags_all": {
              "Name": "adonk-VPC"
            }
          },
          "sensitive_attributes": [],
          "private": "eyJzY2hlbWFfdmVyc2lvbiI6IjEifQ=="
        }
      ]
    }
  ],
  "check_results": null
}
